PODS:
  - ChameleonFramework/Default (2.1.0)
  - ChameleonFramework/Swift (2.1.0):
    - ChameleonFramework/Default
  - Kingfisher (5.1.0)
  - PromiseKit (6.7.1):
    - PromiseKit/CorePromise (= 6.7.1)
    - PromiseKit/Foundation (= 6.7.1)
    - PromiseKit/UIKit (= 6.7.1)
  - PromiseKit/CorePromise (6.7.1)
  - PromiseKit/Foundation (6.7.1):
    - PromiseKit/CorePromise
  - PromiseKit/UIKit (6.7.1):
    - PromiseKit/CorePromise
  - SnapKit (4.0.1)

DEPENDENCIES:
  - ChameleonFramework/Swift (from `https://github.com/ViccAlexander/Chameleon.git`)
  - Kingfisher
  - PromiseKit
  - SnapKit (~> 4.0.0)

SPEC REPOS:
  https://github.com/cocoapods/specs.git:
    - Kingfisher
    - PromiseKit
    - SnapKit

EXTERNAL SOURCES:
  ChameleonFramework:
    :git: https://github.com/ViccAlexander/Chameleon.git

CHECKOUT OPTIONS:
  ChameleonFramework:
    :commit: 6dd284bde21ea2e7f9fd89bc36f40df16e16369d
    :git: https://github.com/ViccAlexander/Chameleon.git

SPEC CHECKSUMS:
  ChameleonFramework: d21a3cc247abfe5e37609a283a8238b03575cf64
  Kingfisher: fcec238063d17404fca89bf0a850583211c4cbf6
  PromiseKit: ef376fb8b4e92edfeb66bd403b983eaa07fbde0c
  SnapKit: 0de968a9fec17499afa29683b05d0c775b6d1c29

PODFILE CHECKSUM: 350c0d0c6319cef7546290a533b33d338a6b2707

COCOAPODS: 1.5.3
